DEPENDENCIES
  apt (~> 2.4.0)
  ark (~> 0.9.0)
  awscli (~> 1.0.1)
  build-essential (>= 1.4.0)
  cmake (~> 0.3)
  cmsdb
    path: cmsdb
  ffmpeg
    path: ffmpeg
  filesystem (~> 0.9.0)
  gflags (~> 1.0)
  git (~> 4.0.2)
  hadoop (~> 1.1)
  hostsfile (= 2.4.5)
  java (~> 1.22)
  libvpx
    path: libvpx
  mastermind
    path: mastermind
  maven (~> 1.2.0)
  minitest-handler (~> 1.2.0)
  neon
    path: neon
  neon-nginx
    path: neon-nginx
  neon-opencv
    path: neon-opencv
  neon_logs
    path: neon_logs
  neonisp
    path: neonisp
  python (~> 1.4.6)
  redis
    path: redis
  s3cmd
    path: s3cmd
  stats_manager
    path: stats_manager
  trackserver
    path: trackserver
  x264
    path: x264
  yasm
    path: yasm

GRAPH
  7-zip (1.0.2)
    windows (>= 1.2.2)
  apt (2.4.0)
  ark (0.9.0)
    7-zip (>= 0.0.0)
    windows (>= 0.0.0)
  awscli (1.0.1)
    python (~> 1.4)
  bluepill (2.3.1)
    rsyslog (>= 0.0.0)
  build-essential (2.2.2)
  chef_handler (1.1.6)
  cmake (0.3.0)
  cmsdb (0.1.0)
    awscli (>= 0.0.0)
    neon (>= 0.0.0)
    redis (>= 0.0.0)
  dmg (2.2.2)
  ffmpeg (0.3.2)
    build-essential (>= 0.0.0)
    git (>= 0.0.0)
    libvpx (>= 0.0.0)
    x264 (>= 0.0.0)
    yasm (>= 0.0.0)
  filesystem (0.9.0)
    lvm (~> 1.1.0)
  gflags (1.0.1)
    apt (>= 0.0.0)
    build-essential (>= 0.0.0)
    yum (>= 0.0.0)
  git (4.0.2)
    build-essential (>= 0.0.0)
    dmg (>= 0.0.0)
    runit (>= 1.0.0)
    windows (>= 0.0.0)
    yum (~> 3.0)
    yum-epel (>= 0.0.0)
  hadoop (1.13.0)
    apt (>= 0.0.0)
    java (~> 1.21)
    sysctl (>= 0.0.0)
    yum (>= 3.0)
  hostsfile (2.4.5)
  java (1.31.0)
  libvpx (0.3.3)
    build-essential (>= 0.0.0)
    git (>= 0.0.0)
    yasm (>= 0.0.0)
  lvm (1.1.2)
  mastermind (0.9.0)
    apt (>= 0.0.0)
    java (>= 0.0.0)
    neon (>= 0.0.0)
    neon_logs (>= 0.0.0)
    python (= 1.4.6)
  maven (1.2.0)
    ark (~> 0.4)
    java (~> 1.13)
  minitest-handler (1.2.0)
    chef_handler (>= 0.0.0)
  neon (0.9.0)
    apt (>= 0.0.0)
    filesystem (>= 0.0.0)
    gflags (~> 1.0)
    git (>= 0.0.0)
    java (>= 0.0.0)
    neon-opencv (>= 0.0.0)
    neon_logs (>= 0.0.0)
    python (= 1.4.6)
  neon-nginx (2.7.4)
    apt (~> 2.2)
    bluepill (~> 2.3)
    build-essential (~> 2.0)
    ohai (~> 2.0)
    runit (~> 1.2)
    yum-epel (~> 0.3)
  neon-opencv (0.1.0)
    apt (>= 0.0.0)
    build-essential (>= 0.0.0)
    ffmpeg (>= 0.0.0)
    libvpx (>= 0.0.0)
    x264 (>= 0.0.0)
    yasm (>= 0.0.0)
  neon_logs (0.9.0)
    apt (>= 0.0.0)
    hadoop (>= 1.0.4)
    java (>= 0.0.0)
  neonisp (0.9.0)
    apt (>= 0.0.0)
    neon (>= 0.0.0)
    neon-nginx (= 2.7.4)
    neon_logs (>= 0.0.0)
    python (= 1.4.6)
  ohai (2.0.1)
  python (1.4.6)
    build-essential (>= 0.0.0)
    yum-epel (>= 0.0.0)
  redis (0.1.0)
    build-essential (>= 1.4.0)
  rsyslog (1.15.0)
  runit (1.5.18)
    build-essential (>= 0.0.0)
    yum (~> 3.0)
    yum-epel (>= 0.0.0)
  s3cmd (0.0.1)
  stats_manager (0.9.0)
    apt (>= 0.0.0)
    java (>= 0.0.0)
    neon (>= 0.0.0)
    neon_logs (>= 0.0.0)
    python (= 1.4.6)
  sysctl (0.6.2)
    ohai (>= 0.0.0)
  trackserver (0.9.0)
    apt (>= 0.0.0)
    ark (>= 0.0.0)
    hadoop (>= 0.0.0)
    java (>= 0.0.0)
    maven (>= 0.0.0)
    neon (>= 0.0.0)
    neon-nginx (= 2.7.4)
    neon_logs (>= 0.0.0)
    neonisp (>= 0.0.0)
    python (= 1.4.6)
  windows (1.36.6)
    chef_handler (>= 0.0.0)
  x264 (0.4.3)
    build-essential (>= 0.0.0)
    git (>= 0.0.0)
    yasm (>= 0.0.0)
  yasm (1.0.0)
    build-essential (>= 0.0.0)
    git (>= 0.0.0)
  yum (3.5.3)
  yum-epel (0.6.0)
    yum (~> 3.0)
